{
  "name": "gerador-de-capturas",
  "version": "1.0.0",
  "lockfileVersion": 3,
  "requires": true,
  "packages": {
    "": {
      "name": "gerador-de-capturas",
      "version": "1.0.0",
      "license": "ISC",
      "dependencies": {
        "ffmpeg": "^0.0.4",
        "readline": "^1.3.0"
      }
    },
    "node_modules/ffmpeg": {
      "version": "0.0.4",
      "resolved": "https://registry.npmjs.org/ffmpeg/-/ffmpeg-0.0.4.tgz",
      "integrity": "sha512-3TgWUJJlZGQn+crJFyhsO/oNeRRnGTy6GhgS98oUCIfZrOW5haPPV7DUfOm3xJcHr5q3TJpjk2GudPutrNisRA==",
      "dependencies": {
        "when": ">= 0.0.1"
      }
    },
    "node_modules/readline": {
      "version": "1.3.0",
      "resolved": "https://registry.npmjs.org/readline/-/readline-1.3.0.tgz",
      "integrity": "sha512-k2d6ACCkiNYz222Fs/iNze30rRJ1iIicW7JuX/7/cozvih6YCkFZH+J6mAFDVgv0dRBaAyr4jDqC95R2y4IADg=="
    },
    "node_modules/when": {
      "version": "3.7.8",
      "resolved": "https://registry.npmjs.org/when/-/when-3.7.8.tgz",
      "integrity": "sha512-5cZ7mecD3eYcMiCH4wtRPA5iFJZ50BJYDfckI5RRpQiktMiYTcn0ccLTZOvcbBume+1304fQztxeNzNS9Gvrnw=="
    }
  }
}
